// !$*UTF8*$!
{
	archiveVersion = 1;
	classes = {
	};
	objectVersion = 46;
	objects = {

/* Begin PBXBuildFile section */
		06C73E5A4073B3D1C365ABB8 /* libPods.a in Frameworks */ = {isa = PBXBuildFile; fileRef = 2A7DCB1A5137A72FBFBFFE04 /* libPods.a */; };
		8E1DC32F1C815A62006F51A9 /* SJTShowPictureView.m in Sources */ = {isa = PBXBuildFile; fileRef = 8E1DC32E1C815A62006F51A9 /* SJTShowPictureView.m */; };
		8E1DC3311C815ABE006F51A9 /* SJTShowPictureView.xib in Resources */ = {isa = PBXBuildFile; fileRef = 8E1DC3301C815ABE006F51A9 /* SJTShowPictureView.xib */; };
		8E3CA5A71C78539700B5E45C /* Assets.xcassets in Resources */ = {isa = PBXBuildFile; fileRef = 8E3CA5A61C78539700B5E45C /* Assets.xcassets */; };
		8E482DA41C8934AB00057386 /* SJTAddTagViewController.m in Sources */ = {isa = PBXBuildFile; fileRef = 8E482DA31C8934AB00057386 /* SJTAddTagViewController.m */; };
		8E482DA71C8959A500057386 /* SJTTagButton.m in Sources */ = {isa = PBXBuildFile; fileRef = 8E482DA61C8959A500057386 /* SJTTagButton.m */; };
		8E482DAA1C89891C00057386 /* SJTTagTextField.m in Sources */ = {isa = PBXBuildFile; fileRef = 8E482DA91C89891C00057386 /* SJTTagTextField.m */; };
		8E4BFBD41C854878005DA2C0 /* SJTUser.m in Sources */ = {isa = PBXBuildFile; fileRef = 8E4BFBD31C854878005DA2C0 /* SJTUser.m */; };
		8E4BFBD71C854A2B005DA2C0 /* SJTComment.m in Sources */ = {isa = PBXBuildFile; fileRef = 8E4BFBD61C854A2B005DA2C0 /* SJTComment.m */; };
		8E4BFBDB1C85628E005DA2C0 /* SJTCommentViewController.m in Sources */ = {isa = PBXBuildFile; fileRef = 8E4BFBD91C85628E005DA2C0 /* SJTCommentViewController.m */; };
		8E4BFBDC1C85628E005DA2C0 /* SJTCommentViewController.xib in Resources */ = {isa = PBXBuildFile; fileRef = 8E4BFBDA1C85628E005DA2C0 /* SJTCommentViewController.xib */; };
		8E4BFBDF1C859D46005DA2C0 /* SJTCommentHeaderView.m in Sources */ = {isa = PBXBuildFile; fileRef = 8E4BFBDE1C859D46005DA2C0 /* SJTCommentHeaderView.m */; };
		8E4BFBE31C85D0DA005DA2C0 /* SJTCommentCell.m in Sources */ = {isa = PBXBuildFile; fileRef = 8E4BFBE11C85D0DA005DA2C0 /* SJTCommentCell.m */; };
		8E4BFBE41C85D0DA005DA2C0 /* SJTCommentCell.xib in Resources */ = {isa = PBXBuildFile; fileRef = 8E4BFBE21C85D0DA005DA2C0 /* SJTCommentCell.xib */; };
		8E4BFBEA1C860D06005DA2C0 /* SJTTopWindow.m in Sources */ = {isa = PBXBuildFile; fileRef = 8E4BFBE91C860D06005DA2C0 /* SJTTopWindow.m */; };
		8E5E21D81C87E2A9000D43B2 /* UIImageView+SJTExtension.m in Sources */ = {isa = PBXBuildFile; fileRef = 8E5E21D71C87E2A9000D43B2 /* UIImageView+SJTExtension.m */; };
		8E5E21DB1C880791000D43B2 /* SJTMeCell.m in Sources */ = {isa = PBXBuildFile; fileRef = 8E5E21DA1C880791000D43B2 /* SJTMeCell.m */; };
		8E5E21DE1C880C3F000D43B2 /* SJTMeFooterView.m in Sources */ = {isa = PBXBuildFile; fileRef = 8E5E21DD1C880C3F000D43B2 /* SJTMeFooterView.m */; };
		8E5E21E11C881052000D43B2 /* SJTSquare.m in Sources */ = {isa = PBXBuildFile; fileRef = 8E5E21E01C881052000D43B2 /* SJTSquare.m */; };
		8E5E21E41C881459000D43B2 /* SJTSquareButton.m in Sources */ = {isa = PBXBuildFile; fileRef = 8E5E21E31C881459000D43B2 /* SJTSquareButton.m */; };
		8E5E21E81C882226000D43B2 /* SJTWebViewController.m in Sources */ = {isa = PBXBuildFile; fileRef = 8E5E21E61C882226000D43B2 /* SJTWebViewController.m */; };
		8E5E21E91C882226000D43B2 /* SJTWebViewController.xib in Resources */ = {isa = PBXBuildFile; fileRef = 8E5E21E71C882226000D43B2 /* SJTWebViewController.xib */; };
		8E6CD0E71C8FC10E00257BEB /* SJTTopWindowViewController.m in Sources */ = {isa = PBXBuildFile; fileRef = 8E6CD0E61C8FC10E00257BEB /* SJTTopWindowViewController.m */; };
		8E79440F1C7AEFA300AD9E75 /* SJTEssenceViewController.m in Sources */ = {isa = PBXBuildFile; fileRef = 8E7943941C7AEFA300AD9E75 /* SJTEssenceViewController.m */; };
		8E7944101C7AEFA300AD9E75 /* SJTFriendTrendsViewController.m in Sources */ = {isa = PBXBuildFile; fileRef = 8E79439A1C7AEFA300AD9E75 /* SJTFriendTrendsViewController.m */; };
		8E7944111C7AEFA300AD9E75 /* SJTMeViewController.m in Sources */ = {isa = PBXBuildFile; fileRef = 8E7943A01C7AEFA300AD9E75 /* SJTMeViewController.m */; };
		8E7944121C7AEFA300AD9E75 /* SJTNewViewController.m in Sources */ = {isa = PBXBuildFile; fileRef = 8E7943A61C7AEFA300AD9E75 /* SJTNewViewController.m */; };
		8E7944131C7AEFA300AD9E75 /* AppDelegate.m in Sources */ = {isa = PBXBuildFile; fileRef = 8E7943AB1C7AEFA300AD9E75 /* AppDelegate.m */; };
		8E7944141C7AEFA300AD9E75 /* Foundation+Log.m in Sources */ = {isa = PBXBuildFile; fileRef = 8E7943AD1C7AEFA300AD9E75 /* Foundation+Log.m */; };
		8E7944151C7AEFA300AD9E75 /* SJTTool.m in Sources */ = {isa = PBXBuildFile; fileRef = 8E7943AF1C7AEFA300AD9E75 /* SJTTool.m */; };
		8E7944161C7AEFA300AD9E75 /* UIBarButtonItem+Extension.m in Sources */ = {isa = PBXBuildFile; fileRef = 8E7943B11C7AEFA300AD9E75 /* UIBarButtonItem+Extension.m */; };
		8E7944171C7AEFA300AD9E75 /* UIView+Extension.m in Sources */ = {isa = PBXBuildFile; fileRef = 8E7943B31C7AEFA300AD9E75 /* UIView+Extension.m */; };
		8E7944181C7AEFA300AD9E75 /* SJTTabBarController.m in Sources */ = {isa = PBXBuildFile; fileRef = 8E7943B61C7AEFA300AD9E75 /* SJTTabBarController.m */; };
		8E79443F1C7AEFA300AD9E75 /* main.m in Sources */ = {isa = PBXBuildFile; fileRef = 8E79440A1C7AEFA300AD9E75 /* main.m */; };
		8E7944401C7AEFA300AD9E75 /* SJTTabBar.m in Sources */ = {isa = PBXBuildFile; fileRef = 8E79440E1C7AEFA300AD9E75 /* SJTTabBar.m */; };
		8E7944431C7AF9D300AD9E75 /* SJTNavigationController.m in Sources */ = {isa = PBXBuildFile; fileRef = 8E7944421C7AF9D300AD9E75 /* SJTNavigationController.m */; };
		8E7944451C7B0B5800AD9E75 /* SJTFriendTrendsViewController.xib in Resources */ = {isa = PBXBuildFile; fileRef = 8E7944441C7B0B5800AD9E75 /* SJTFriendTrendsViewController.xib */; };
		8E7944491C7B49E500AD9E75 /* SJTRecommendViewController.m in Sources */ = {isa = PBXBuildFile; fileRef = 8E7944471C7B49E500AD9E75 /* SJTRecommendViewController.m */; };
		8E79444A1C7B49E500AD9E75 /* SJTRecommendViewController.xib in Resources */ = {isa = PBXBuildFile; fileRef = 8E7944481C7B49E500AD9E75 /* SJTRecommendViewController.xib */; };
		8E79444D1C7B536500AD9E75 /* SJTRecommendCategory.m in Sources */ = {isa = PBXBuildFile; fileRef = 8E79444C1C7B536500AD9E75 /* SJTRecommendCategory.m */; };
		8E7944511C7B558400AD9E75 /* SJTRecommendCategoryCell.m in Sources */ = {isa = PBXBuildFile; fileRef = 8E79444F1C7B558400AD9E75 /* SJTRecommendCategoryCell.m */; };
		8E7944521C7B558400AD9E75 /* SJTRecommendCategoryCell.xib in Resources */ = {isa = PBXBuildFile; fileRef = 8E7944501C7B558400AD9E75 /* SJTRecommendCategoryCell.xib */; };
		8E922F0E1C7DA1FA004CF9CE /* SJTLoginRegisterViewController.m in Sources */ = {isa = PBXBuildFile; fileRef = 8E922F061C7DA1FA004CF9CE /* SJTLoginRegisterViewController.m */; };
		8E922F0F1C7DA1FA004CF9CE /* SJTLoginRegisterViewController.xib in Resources */ = {isa = PBXBuildFile; fileRef = 8E922F071C7DA1FA004CF9CE /* SJTLoginRegisterViewController.xib */; };
		8E922F101C7DA1FA004CF9CE /* SJTTextField.m in Sources */ = {isa = PBXBuildFile; fileRef = 8E922F0B1C7DA1FA004CF9CE /* SJTTextField.m */; };
		8E922F111C7DA1FA004CF9CE /* SJTVerticalButton.m in Sources */ = {isa = PBXBuildFile; fileRef = 8E922F0D1C7DA1FA004CF9CE /* SJTVerticalButton.m */; };
		8E922F141C7DB3A5004CF9CE /* SJTPushGuideView.m in Sources */ = {isa = PBXBuildFile; fileRef = 8E922F131C7DB3A5004CF9CE /* SJTPushGuideView.m */; };
		8E922F161C7DB3B6004CF9CE /* SJTPushGuideView.xib in Resources */ = {isa = PBXBuildFile; fileRef = 8E922F151C7DB3B6004CF9CE /* SJTPushGuideView.xib */; };
		8E9567281C7FF3BD00C3B908 /* SJTTopicCell.m in Sources */ = {isa = PBXBuildFile; fileRef = 8E9567261C7FF3BD00C3B908 /* SJTTopicCell.m */; };
		8E9567291C7FF3BD00C3B908 /* SJTTopicCell.xib in Resources */ = {isa = PBXBuildFile; fileRef = 8E9567271C7FF3BD00C3B908 /* SJTTopicCell.xib */; };
		8EAA48BE1C8A8E2E001721ED /* SJTSettingViewController.m in Sources */ = {isa = PBXBuildFile; fileRef = 8EAA48BD1C8A8E2E001721ED /* SJTSettingViewController.m */; };
		8EB2AC4B1C847E4B0090620A /* SJTTopicVoiceView.m in Sources */ = {isa = PBXBuildFile; fileRef = 8EB2AC4A1C847E4B0090620A /* SJTTopicVoiceView.m */; };
		8EB2AC4D1C847E580090620A /* SJTTopicVoiceView.xib in Resources */ = {isa = PBXBuildFile; fileRef = 8EB2AC4C1C847E580090620A /* SJTTopicVoiceView.xib */; };
		8EB2AC501C8489B30090620A /* SJTTopicVideoView.m in Sources */ = {isa = PBXBuildFile; fileRef = 8EB2AC4F1C8489B30090620A /* SJTTopicVideoView.m */; };
		8EB2AC521C8489BF0090620A /* SJTTopicVideoView.xib in Resources */ = {isa = PBXBuildFile; fileRef = 8EB2AC511C8489BF0090620A /* SJTTopicVideoView.xib */; };
		8EBF0C5F1C7F022C001C6817 /* SJTTItleButton.m in Sources */ = {isa = PBXBuildFile; fileRef = 8EBF0C5E1C7F022C001C6817 /* SJTTItleButton.m */; };
		8EBF0C621C7F3666001C6817 /* SJTTopic.m in Sources */ = {isa = PBXBuildFile; fileRef = 8EBF0C611C7F3666001C6817 /* SJTTopic.m */; };
		8EBF0C651C7F4A38001C6817 /* SJTConst.m in Sources */ = {isa = PBXBuildFile; fileRef = 8EBF0C641C7F4A38001C6817 /* SJTConst.m */; };
		8ECDF7F01C8D0E3100E5D8C9 /* SJTLoginTool.m in Sources */ = {isa = PBXBuildFile; fileRef = 8ECDF7EF1C8D0E3100E5D8C9 /* SJTLoginTool.m */; };
		8ECDF7F21C8D212B00E5D8C9 /* colors.plist in Resources */ = {isa = PBXBuildFile; fileRef = 8ECDF7F11C8D212B00E5D8C9 /* colors.plist */; };
		8ECDF7F71C8D274700E5D8C9 /* Skins in Resources */ = {isa = PBXBuildFile; fileRef = 8ECDF7F61C8D274700E5D8C9 /* Skins */; };
		8ECDF7FA1C8D279900E5D8C9 /* UIColor+SJTExtension.m in Sources */ = {isa = PBXBuildFile; fileRef = 8ECDF7F91C8D279900E5D8C9 /* UIColor+SJTExtension.m */; };
		8ECDF7FD1C8D27C200E5D8C9 /* UIImage+SJTExtension.m in Sources */ = {isa = PBXBuildFile; fileRef = 8ECDF7FC1C8D27C200E5D8C9 /* UIImage+SJTExtension.m */; };
		8ED2EFA81C88372B00EEBC27 /* SJTPublishView.m in Sources */ = {isa = PBXBuildFile; fileRef = 8ED2EFA61C88372B00EEBC27 /* SJTPublishView.m */; };
		8ED2EFA91C88372B00EEBC27 /* SJTPublishView.xib in Resources */ = {isa = PBXBuildFile; fileRef = 8ED2EFA71C88372B00EEBC27 /* SJTPublishView.xib */; };
		8ED2EFAC1C88380B00EEBC27 /* SJTPostWordViewController.m in Sources */ = {isa = PBXBuildFile; fileRef = 8ED2EFAB1C88380B00EEBC27 /* SJTPostWordViewController.m */; };
		8ED2EFAF1C8854AF00EEBC27 /* SJTPlaceholderTextView.m in Sources */ = {isa = PBXBuildFile; fileRef = 8ED2EFAE1C8854AF00EEBC27 /* SJTPlaceholderTextView.m */; };
		8ED2EFB21C887A5600EEBC27 /* SJTAddTagToolbar.m in Sources */ = {isa = PBXBuildFile; fileRef = 8ED2EFB11C887A5600EEBC27 /* SJTAddTagToolbar.m */; };
		8ED2EFB41C887A7100EEBC27 /* SJTAddTagToolbar.xib in Resources */ = {isa = PBXBuildFile; fileRef = 8ED2EFB31C887A7100EEBC27 /* SJTAddTagToolbar.xib */; };
		8EE90CD41C7C5D600044BCB8 /* SJTRecommendTagsViewController.m in Sources */ = {isa = PBXBuildFile; fileRef = 8EE90CD31C7C5D600044BCB8 /* SJTRecommendTagsViewController.m */; };
		8EE90CD71C7C65610044BCB8 /* SJTRecommendTag.m in Sources */ = {isa = PBXBuildFile; fileRef = 8EE90CD61C7C65610044BCB8 /* SJTRecommendTag.m */; };
		8EE90CDB1C7C66A70044BCB8 /* SJTRecommendTagCell.m in Sources */ = {isa = PBXBuildFile; fileRef = 8EE90CD91C7C66A70044BCB8 /* SJTRecommendTagCell.m */; };
		8EE90CDC1C7C66A70044BCB8 /* SJTRecommendTagCell.xib in Resources */ = {isa = PBXBuildFile; fileRef = 8EE90CDA1C7C66A70044BCB8 /* SJTRecommendTagCell.xib */; };
		8EF5232F1C7BFFF100AE987E /* SJTRecommendUserCell.m in Sources */ = {isa = PBXBuildFile; fileRef = 8EF5232D1C7BFFF100AE987E /* SJTRecommendUserCell.m */; };
		8EF523301C7BFFF100AE987E /* SJTRecommendUserCell.xib in Resources */ = {isa = PBXBuildFile; fileRef = 8EF5232E1C7BFFF100AE987E /* SJTRecommendUserCell.xib */; };
		8EF523331C7C03B500AE987E /* SJTRecommendUser.m in Sources */ = {isa = PBXBuildFile; fileRef = 8EF523321C7C03B500AE987E /* SJTRecommendUser.m */; };
		8EFBD3811C801B45000F5379 /* NSDate+SJTExtension.m in Sources */ = {isa = PBXBuildFile; fileRef = 8EFBD3801C801B45000F5379 /* NSDate+SJTExtension.m */; };
		8EFBD3841C803171000F5379 /* SJTTopicViewController.m in Sources */ = {isa = PBXBuildFile; fileRef = 8EFBD3831C803171000F5379 /* SJTTopicViewController.m */; };
		8EFBD3871C805739000F5379 /* SJTTopicPictureView.m in Sources */ = {isa = PBXBuildFile; fileRef = 8EFBD3861C805739000F5379 /* SJTTopicPictureView.m */; };
		8EFBD3891C805765000F5379 /* SJTTopicPictureView.xib in Resources */ = {isa = PBXBuildFile; fileRef = 8EFBD3881C805765000F5379 /* SJTTopicPictureView.xib */; };
		8EFBD3941C80B158000F5379 /* SJTPregressView.m in Sources */ = {isa = PBXBuildFile; fileRef = 8EFBD3931C80B158000F5379 /* SJTPregressView.m */; };
/* End PBXBuildFile section */

/* Begin PBXFileReference section */
		2A7DCB1A5137A72FBFBFFE04 /* libPods.a */ = {isa = PBXFileReference; explicitFileType = archive.ar; includeInIndex = 0; path = libPods.a; sourceTree = BUILT_PRODUCTS_DIR; };
		70CE773352BC0F86BCBEB65C /* Pods.release.xcconfig */ = {isa = PBXFileReference; includeInIndex = 1; lastKnownFileType = text.xcconfig; name = Pods.release.xcconfig; path = "Pods/Target Support Files/Pods/Pods.release.xcconfig"; sourceTree = "<group>"; };
		8E1DC32D1C815A62006F51A9 /* SJTShowPictureView.h */ = {isa = PBXFileReference; fileEncoding = 4; lastKnownFileType = sourcecode.c.h; path = SJTShowPictureView.h; sourceTree = "<group>"; };
		8E1DC32E1C815A62006F51A9 /* SJTShowPictureView.m */ = {isa = PBXFileReference; fileEncoding = 4; lastKnownFileType = sourcecode.c.objc; path = SJTShowPictureView.m; sourceTree = "<group>"; };
		8E1DC3301C815ABE006F51A9 /* SJTShowPictureView.xib */ = {isa = PBXFileReference; fileEncoding = 4; lastKnownFileType = file.xib; path = SJTShowPictureView.xib; sourceTree = "<group>"; };
		8E3CA5861C784F6900B5E45C /* 百思不得姐.app */ = {isa = PBXFileReference; explicitFileType = wrapper.application; includeInIndex = 0; path = "百思不得姐.app"; sourceTree = BUILT_PRODUCTS_DIR; };
		8E3CA59A1C784F6A00B5E45C /* Info.plist */ = {isa = PBXFileReference; lastKnownFileType = text.plist.xml; path = Info.plist; sourceTree = "<group>"; };
		8E3CA5A61C78539700B5E45C /* Assets.xcassets */ = {isa = PBXFileReference; lastKnownFileType = folder.assetcatalog; path = Assets.xcassets; sourceTree = "<group>"; };
		8E482DA21C8934AB00057386 /* SJTAddTagViewController.h */ = {isa = PBXFileReference; fileEncoding = 4; lastKnownFileType = sourcecode.c.h; path = SJTAddTagViewController.h; sourceTree = "<group>"; };
		8E482DA31C8934AB00057386 /* SJTAddTagViewController.m */ = {isa = PBXFileReference; fileEncoding = 4; lastKnownFileType = sourcecode.c.objc; path = SJTAddTagViewController.m; sourceTree = "<group>"; };
		8E482DA51C8959A500057386 /* SJTTagButton.h */ = {isa = PBXFileReference; fileEncoding = 4; lastKnownFileType = sourcecode.c.h; path = SJTTagButton.h; sourceTree = "<group>"; };
		8E482DA61C8959A500057386 /* SJTTagButton.m */ = {isa = PBXFileReference; fileEncoding = 4; lastKnownFileType = sourcecode.c.objc; path = SJTTagButton.m; sourceTree = "<group>"; };
		8E482DA81C89891C00057386 /* SJTTagTextField.h */ = {isa = PBXFileReference; fileEncoding = 4; lastKnownFileType = sourcecode.c.h; path = SJTTagTextField.h; sourceTree = "<group>"; };
		8E482DA91C89891C00057386 /* SJTTagTextField.m */ = {isa = PBXFileReference; fileEncoding = 4; lastKnownFileType = sourcecode.c.objc; path = SJTTagTextField.m; sourceTree = "<group>"; };
		8E4BFBD21C854878005DA2C0 /* SJTUser.h */ = {isa = PBXFileReference; fileEncoding = 4; lastKnownFileType = sourcecode.c.h; path = SJTUser.h; sourceTree = "<group>"; };
		8E4BFBD31C854878005DA2C0 /* SJTUser.m */ = {isa = PBXFileReference; fileEncoding = 4; lastKnownFileType = sourcecode.c.objc; path = SJTUser.m; sourceTree = "<group>"; };
		8E4BFBD51C854A2B005DA2C0 /* SJTComment.h */ = {isa = PBXFileReference; fileEncoding = 4; lastKnownFileType = sourcecode.c.h; path = SJTComment.h; sourceTree = "<group>"; };
		8E4BFBD61C854A2B005DA2C0 /* SJTComment.m */ = {isa = PBXFileReference; fileEncoding = 4; lastKnownFileType = sourcecode.c.objc; path = SJTComment.m; sourceTree = "<group>"; };
		8E4BFBD81C85628E005DA2C0 /* SJTCommentViewController.h */ = {isa = PBXFileReference; fileEncoding = 4; lastKnownFileType = sourcecode.c.h; path = SJTCommentViewController.h; sourceTree = "<group>"; };
		8E4BFBD91C85628E005DA2C0 /* SJTCommentViewController.m */ = {isa = PBXFileReference; fileEncoding = 4; lastKnownFileType = sourcecode.c.objc; path = SJTCommentViewController.m; sourceTree = "<group>"; };
		8E4BFBDA1C85628E005DA2C0 /* SJTCommentViewController.xib */ = {isa = PBXFileReference; fileEncoding = 4; lastKnownFileType = file.xib; path = SJTCommentViewController.xib; sourceTree = "<group>"; };
		8E4BFBDD1C859D46005DA2C0 /* SJTCommentHeaderView.h */ = {isa = PBXFileReference; fileEncoding = 4; lastKnownFileType = sourcecode.c.h; path = SJTCommentHeaderView.h; sourceTree = "<group>"; };
		8E4BFBDE1C859D46005DA2C0 /* SJTCommentHeaderView.m */ = {isa = PBXFileReference; fileEncoding = 4; lastKnownFileType = sourcecode.c.objc; path = SJTCommentHeaderView.m; sourceTree = "<group>"; };
		8E4BFBE01C85D0DA005DA2C0 /* SJTCommentCell.h */ = {isa = PBXFileReference; fileEncoding = 4; lastKnownFileType = sourcecode.c.h; path = SJTCommentCell.h; sourceTree = "<group>"; };
		8E4BFBE11C85D0DA005DA2C0 /* SJTCommentCell.m */ = {isa = PBXFileReference; fileEncoding = 4; lastKnownFileType = sourcecode.c.objc; path = SJTCommentCell.m; sourceTree = "<group>"; };
		8E4BFBE21C85D0DA005DA2C0 /* SJTCommentCell.xib */ = {isa = PBXFileReference; fileEncoding = 4; lastKnownFileType = file.xib; path = SJTCommentCell.xib; sourceTree = "<group>"; };
		8E4BFBE81C860D06005DA2C0 /* SJTTopWindow.h */ = {isa = PBXFileReference; fileEncoding = 4; lastKnownFileType = sourcecode.c.h; path = SJTTopWindow.h; sourceTree = "<group>"; };
		8E4BFBE91C860D06005DA2C0 /* SJTTopWindow.m */ = {isa = PBXFileReference; fileEncoding = 4; lastKnownFileType = sourcecode.c.objc; path = SJTTopWindow.m; sourceTree = "<group>"; };
		8E5E21D61C87E2A9000D43B2 /* UIImageView+SJTExtension.h */ = {isa = PBXFileReference; fileEncoding = 4; lastKnownFileType = sourcecode.c.h; path = "UIImageView+SJTExtension.h"; sourceTree = "<group>"; };
		8E5E21D71C87E2A9000D43B2 /* UIImageView+SJTExtension.m */ = {isa = PBXFileReference; fileEncoding = 4; lastKnownFileType = sourcecode.c.objc; path = "UIImageView+SJTExtension.m"; sourceTree = "<group>"; };
		8E5E21D91C880791000D43B2 /* SJTMeCell.h */ = {isa = PBXFileReference; fileEncoding = 4; lastKnownFileType = sourcecode.c.h; path = SJTMeCell.h; sourceTree = "<group>"; };
		8E5E21DA1C880791000D43B2 /* SJTMeCell.m */ = {isa = PBXFileReference; fileEncoding = 4; lastKnownFileType = sourcecode.c.objc; path = SJTMeCell.m; sourceTree = "<group>"; };
		8E5E21DC1C880C3F000D43B2 /* SJTMeFooterView.h */ = {isa = PBXFileReference; fileEncoding = 4; lastKnownFileType = sourcecode.c.h; path = SJTMeFooterView.h; sourceTree = "<group>"; };
		8E5E21DD1C880C3F000D43B2 /* SJTMeFooterView.m */ = {isa = PBXFileReference; fileEncoding = 4; lastKnownFileType = sourcecode.c.objc; path = SJTMeFooterView.m; sourceTree = "<group>"; };
		8E5E21DF1C881052000D43B2 /* SJTSquare.h */ = {isa = PBXFileReference; fileEncoding = 4; lastKnownFileType = sourcecode.c.h; path = SJTSquare.h; sourceTree = "<group>"; };
		8E5E21E01C881052000D43B2 /* SJTSquare.m */ = {isa = PBXFileReference; fileEncoding = 4; lastKnownFileType = sourcecode.c.objc; path = SJTSquare.m; sourceTree = "<group>"; };
		8E5E21E21C881459000D43B2 /* SJTSquareButton.h */ = {isa = PBXFileReference; fileEncoding = 4; lastKnownFileType = sourcecode.c.h; path = SJTSquareButton.h; sourceTree = "<group>"; };
		8E5E21E31C881459000D43B2 /* SJTSquareButton.m */ = {isa = PBXFileReference; fileEncoding = 4; lastKnownFileType = sourcecode.c.objc; path = SJTSquareButton.m; sourceTree = "<group>"; };
		8E5E21E51C882226000D43B2 /* SJTWebViewController.h */ = {isa = PBXFileReference; fileEncoding = 4; lastKnownFileType = sourcecode.c.h; path = SJTWebViewController.h; sourceTree = "<group>"; };
		8E5E21E61C882226000D43B2 /* SJTWebViewController.m */ = {isa = PBXFileReference; fileEncoding = 4; lastKnownFileType = sourcecode.c.objc; path = SJTWebViewController.m; sourceTree = "<group>"; };
		8E5E21E71C882226000D43B2 /* SJTWebViewController.xib */ = {isa = PBXFileReference; fileEncoding = 4; lastKnownFileType = file.xib; path = SJTWebViewController.xib; sourceTree = "<group>"; };
		8E6CD0E51C8FC10E00257BEB /* SJTTopWindowViewController.h */ = {isa = PBXFileReference; fileEncoding = 4; lastKnownFileType = sourcecode.c.h; path = SJTTopWindowViewController.h; sourceTree = "<group>"; };
		8E6CD0E61C8FC10E00257BEB /* SJTTopWindowViewController.m */ = {isa = PBXFileReference; fileEncoding = 4; lastKnownFileType = sourcecode.c.objc; path = SJTTopWindowViewController.m; sourceTree = "<group>"; };
		8E7943931C7AEFA300AD9E75 /* SJTEssenceViewController.h */ = {isa = PBXFileReference; fileEncoding = 4; lastKnownFileType = sourcecode.c.h; path = SJTEssenceViewController.h; sourceTree = "<group>"; };
		8E7943941C7AEFA300AD9E75 /* SJTEssenceViewController.m */ = {isa = PBXFileReference; fileEncoding = 4; lastKnownFileType = sourcecode.c.objc; path = SJTEssenceViewController.m; sourceTree = "<group>"; };
		8E7943991C7AEFA300AD9E75 /* SJTFriendTrendsViewController.h */ = {isa = PBXFileReference; fileEncoding = 4; lastKnownFileType = sourcecode.c.h; path = SJTFriendTrendsViewController.h; sourceTree = "<group>"; };
		8E79439A1C7AEFA300AD9E75 /* SJTFriendTrendsViewController.m */ = {isa = PBXFileReference; fileEncoding = 4; lastKnownFileType = sourcecode.c.objc; path = SJTFriendTrendsViewController.m; sourceTree = "<group>"; };
		8E79439F1C7AEFA300AD9E75 /* SJTMeViewController.h */ = {isa = PBXFileReference; fileEncoding = 4; lastKnownFileType = sourcecode.c.h; path = SJTMeViewController.h; sourceTree = "<group>"; };
		8E7943A01C7AEFA300AD9E75 /* SJTMeViewController.m */ = {isa = PBXFileReference; fileEncoding = 4; lastKnownFileType = sourcecode.c.objc; path = SJTMeViewController.m; sourceTree = "<group>"; };
		8E7943A51C7AEFA300AD9E75 /* SJTNewViewController.h */ = {isa = PBXFileReference; fileEncoding = 4; lastKnownFileType = sourcecode.c.h; path = SJTNewViewController.h; sourceTree = "<group>"; };
		8E7943A61C7AEFA300AD9E75 /* SJTNewViewController.m */ = {isa = PBXFileReference; fileEncoding = 4; lastKnownFileType = sourcecode.c.objc; path = SJTNewViewController.m; sourceTree = "<group>"; };
		8E7943AA1C7AEFA300AD9E75 /* AppDelegate.h */ = {isa = PBXFileReference; fileEncoding = 4; lastKnownFileType = sourcecode.c.h; path = AppDelegate.h; sourceTree = "<group>"; };
		8E7943AB1C7AEFA300AD9E75 /* AppDelegate.m */ = {isa = PBXFileReference; fileEncoding = 4; lastKnownFileType = sourcecode.c.objc; path = AppDelegate.m; sourceTree = "<group>"; };
		8E7943AD1C7AEFA300AD9E75 /* Foundation+Log.m */ = {isa = PBXFileReference; fileEncoding = 4; lastKnownFileType = sourcecode.c.objc; path = "Foundation+Log.m"; sourceTree = "<group>"; };
		8E7943AE1C7AEFA300AD9E75 /* SJTTool.h */ = {isa = PBXFileReference; fileEncoding = 4; lastKnownFileType = sourcecode.c.h; path = SJTTool.h; sourceTree = "<group>"; };
		8E7943AF1C7AEFA300AD9E75 /* SJTTool.m */ = {isa = PBXFileReference; fileEncoding = 4; lastKnownFileType = sourcecode.c.objc; path = SJTTool.m; sourceTree = "<group>"; };
		8E7943B01C7AEFA300AD9E75 /* UIBarButtonItem+Extension.h */ = {isa = PBXFileReference; fileEncoding = 4; lastKnownFileType = sourcecode.c.h; path = "UIBarButtonItem+Extension.h"; sourceTree = "<group>"; };
		8E7943B11C7AEFA300AD9E75 /* UIBarButtonItem+Extension.m */ = {isa = PBXFileReference; fileEncoding = 4; lastKnownFileType = sourcecode.c.objc; path = "UIBarButtonItem+Extension.m"; sourceTree = "<group>"; };
		8E7943B21C7AEFA300AD9E75 /* UIView+Extension.h */ = {isa = PBXFileReference; fileEncoding = 4; lastKnownFileType = sourcecode.c.h; path = "UIView+Extension.h"; sourceTree = "<group>"; };
		8E7943B31C7AEFA300AD9E75 /* UIView+Extension.m */ = {isa = PBXFileReference; fileEncoding = 4; lastKnownFileType = sourcecode.c.objc; path = "UIView+Extension.m"; sourceTree = "<group>"; };
		8E7943B51C7AEFA300AD9E75 /* SJTTabBarController.h */ = {isa = PBXFileReference; fileEncoding = 4; lastKnownFileType = sourcecode.c.h; path = SJTTabBarController.h; sourceTree = "<group>"; };
		8E7943B61C7AEFA300AD9E75 /* SJTTabBarController.m */ = {isa = PBXFileReference; fileEncoding = 4; lastKnownFileType = sourcecode.c.objc; path = SJTTabBarController.m; sourceTree = "<group>"; };
		8E79440A1C7AEFA300AD9E75 /* main.m */ = {isa = PBXFileReference; fileEncoding = 4; lastKnownFileType = sourcecode.c.objc; path = main.m; sourceTree = "<group>"; };
		8E79440B1C7AEFA300AD9E75 /* PrefixHeader.pch */ = {isa = PBXFileReference; fileEncoding = 4; lastKnownFileType = sourcecode.c.h; path = PrefixHeader.pch; sourceTree = "<group>"; };
		8E79440D1C7AEFA300AD9E75 /* SJTTabBar.h */ = {isa = PBXFileReference; fileEncoding = 4; lastKnownFileType = sourcecode.c.h; path = SJTTabBar.h; sourceTree = "<group>"; };
		8E79440E1C7AEFA300AD9E75 /* SJTTabBar.m */ = {isa = PBXFileReference; fileEncoding = 4; lastKnownFileType = sourcecode.c.objc; path = SJTTabBar.m; sourceTree = "<group>"; };
		8E7944411C7AF9D300AD9E75 /* SJTNavigationController.h */ = {isa = PBXFileReference; fileEncoding = 4; lastKnownFileType = sourcecode.c.h; path = SJTNavigationController.h; sourceTree = "<group>"; };
		8E7944421C7AF9D300AD9E75 /* SJTNavigationController.m */ = {isa = PBXFileReference; fileEncoding = 4; lastKnownFileType = sourcecode.c.objc; path = SJTNavigationController.m; sourceTree = "<group>"; };
		8E7944441C7B0B5800AD9E75 /* SJTFriendTrendsViewController.xib */ = {isa = PBXFileReference; fileEncoding = 4; lastKnownFileType = file.xib; path = SJTFriendTrendsViewController.xib; sourceTree = "<group>"; };
		8E7944461C7B49E500AD9E75 /* SJTRecommendViewController.h */ = {isa = PBXFileReference; fileEncoding = 4; lastKnownFileType = sourcecode.c.h; path = SJTRecommendViewController.h; sourceTree = "<group>"; };
		8E7944471C7B49E500AD9E75 /* SJTRecommendViewController.m */ = {isa = PBXFileReference; fileEncoding = 4; lastKnownFileType = sourcecode.c.objc; path = SJTRecommendViewController.m; sourceTree = "<group>"; };
		8E7944481C7B49E500AD9E75 /* SJTRecommendViewController.xib */ = {isa = PBXFileReference; fileEncoding = 4; lastKnownFileType = file.xib; path = SJTRecommendViewController.xib; sourceTree = "<group>"; };
		8E79444B1C7B536500AD9E75 /* SJTRecommendCategory.h */ = {isa = PBXFileReference; fileEncoding = 4; lastKnownFileType = sourcecode.c.h; path = SJTRecommendCategory.h; sourceTree = "<group>"; };
		8E79444C1C7B536500AD9E75 /* SJTRecommendCategory.m */ = {isa = PBXFileReference; fileEncoding = 4; lastKnownFileType = sourcecode.c.objc; path = SJTRecommendCategory.m; sourceTree = "<group>"; };
		8E79444E1C7B558400AD9E75 /* SJTRecommendCategoryCell.h */ = {isa = PBXFileReference; fileEncoding = 4; lastKnownFileType = sourcecode.c.h; path = SJTRecommendCategoryCell.h; sourceTree = "<group>"; };
		8E79444F1C7B558400AD9E75 /* SJTRecommendCategoryCell.m */ = {isa = PBXFileReference; fileEncoding = 4; lastKnownFileType = sourcecode.c.objc; path = SJTRecommendCategoryCell.m; sourceTree = "<group>"; };
		8E7944501C7B558400AD9E75 /* SJTRecommendCategoryCell.xib */ = {isa = PBXFileReference; fileEncoding = 4; lastKnownFileType = file.xib; path = SJTRecommendCategoryCell.xib; sourceTree = "<group>"; };
		8E922F051C7DA1FA004CF9CE /* SJTLoginRegisterViewController.h */ = {isa = PBXFileReference; fileEncoding = 4; lastKnownFileType = sourcecode.c.h; path = SJTLoginRegisterViewController.h; sourceTree = "<group>"; };
		8E922F061C7DA1FA004CF9CE /* SJTLoginRegisterViewController.m */ = {isa = PBXFileReference; fileEncoding = 4; lastKnownFileType = sourcecode.c.objc; path = SJTLoginRegisterViewController.m; sourceTree = "<group>"; };
		8E922F071C7DA1FA004CF9CE /* SJTLoginRegisterViewController.xib */ = {isa = PBXFileReference; fileEncoding = 4; lastKnownFileType = file.xib; path = SJTLoginRegisterViewController.xib; sourceTree = "<group>"; };
		8E922F0A1C7DA1FA004CF9CE /* SJTTextField.h */ = {isa = PBXFileReference; fileEncoding = 4; lastKnownFileType = sourcecode.c.h; path = SJTTextField.h; sourceTree = "<group>"; };
		8E922F0B1C7DA1FA004CF9CE /* SJTTextField.m */ = {isa = PBXFileReference; fileEncoding = 4; lastKnownFileType = sourcecode.c.objc; path = SJTTextField.m; sourceTree = "<group>"; };
		8E922F0C1C7DA1FA004CF9CE /* SJTVerticalButton.h */ = {isa = PBXFileReference; fileEncoding = 4; lastKnownFileType = sourcecode.c.h; path = SJTVerticalButton.h; sourceTree = "<group>"; };
		8E922F0D1C7DA1FA004CF9CE /* SJTVerticalButton.m */ = {isa = PBXFileReference; fileEncoding = 4; lastKnownFileType = sourcecode.c.objc; path = SJTVerticalButton.m; sourceTree = "<group>"; };
		8E922F121C7DB3A5004CF9CE /* SJTPushGuideView.h */ = {isa = PBXFileReference; fileEncoding = 4; lastKnownFileType = sourcecode.c.h; path = SJTPushGuideView.h; sourceTree = "<group>"; };
		8E922F131C7DB3A5004CF9CE /* SJTPushGuideView.m */ = {isa = PBXFileReference; fileEncoding = 4; lastKnownFileType = sourcecode.c.objc; path = SJTPushGuideView.m; sourceTree = "<group>"; };
		8E922F151C7DB3B6004CF9CE /* SJTPushGuideView.xib */ = {isa = PBXFileReference; fileEncoding = 4; lastKnownFileType = file.xib; path = SJTPushGuideView.xib; sourceTree = "<group>"; };
		8E9567251C7FF3BD00C3B908 /* SJTTopicCell.h */ = {isa = PBXFileReference; fileEncoding = 4; lastKnownFileType = sourcecode.c.h; path = SJTTopicCell.h; sourceTree = "<group>"; };
		8E9567261C7FF3BD00C3B908 /* SJTTopicCell.m */ = {isa = PBXFileReference; fileEncoding = 4; lastKnownFileType = sourcecode.c.objc; path = SJTTopicCell.m; sourceTree = "<group>"; };
		8E9567271C7FF3BD00C3B908 /* SJTTopicCell.xib */ = {isa = PBXFileReference; fileEncoding = 4; lastKnownFileType = file.xib; path = SJTTopicCell.xib; sourceTree = "<group>"; };
		8EAA48BC1C8A8E2E001721ED /* SJTSettingViewController.h */ = {isa = PBXFileReference; fileEncoding = 4; lastKnownFileType = sourcecode.c.h; path = SJTSettingViewController.h; sourceTree = "<group>"; };
		8EAA48BD1C8A8E2E001721ED /* SJTSettingViewController.m */ = {isa = PBXFileReference; fileEncoding = 4; lastKnownFileType = sourcecode.c.objc; path = SJTSettingViewController.m; sourceTree = "<group>"; };
		8EB2AC491C847E4B0090620A /* SJTTopicVoiceView.h */ = {isa = PBXFileReference; fileEncoding = 4; lastKnownFileType = sourcecode.c.h; path = SJTTopicVoiceView.h; sourceTree = "<group>"; };
		8EB2AC4A1C847E4B0090620A /* SJTTopicVoiceView.m */ = {isa = PBXFileReference; fileEncoding = 4; lastKnownFileType = sourcecode.c.objc; path = SJTTopicVoiceView.m; sourceTree = "<group>"; };
		8EB2AC4C1C847E580090620A /* SJTTopicVoiceView.xib */ = {isa = PBXFileReference; fileEncoding = 4; lastKnownFileType = file.xib; path = SJTTopicVoiceView.xib; sourceTree = "<group>"; };
		8EB2AC4E1C8489B30090620A /* SJTTopicVideoView.h */ = {isa = PBXFileReference; fileEncoding = 4; lastKnownFileType = sourcecode.c.h; path = SJTTopicVideoView.h; sourceTree = "<group>"; };
		8EB2AC4F1C8489B30090620A /* SJTTopicVideoView.m */ = {isa = PBXFileReference; fileEncoding = 4; lastKnownFileType = sourcecode.c.objc; path = SJTTopicVideoView.m; sourceTree = "<group>"; };
		8EB2AC511C8489BF0090620A /* SJTTopicVideoView.xib */ = {isa = PBXFileReference; fileEncoding = 4; lastKnownFileType = file.xib; path = SJTTopicVideoView.xib; sourceTree = "<group>"; };
		8EBF0C5D1C7F022C001C6817 /* SJTTItleButton.h */ = {isa = PBXFileReference; fileEncoding = 4; lastKnownFileType = sourcecode.c.h; path = SJTTItleButton.h; sourceTree = "<group>"; };
		8EBF0C5E1C7F022C001C6817 /* SJTTItleButton.m */ = {isa = PBXFileReference; fileEncoding = 4; lastKnownFileType = sourcecode.c.objc; path = SJTTItleButton.m; sourceTree = "<group>"; };
		8EBF0C601C7F3666001C6817 /* SJTTopic.h */ = {isa = PBXFileReference; fileEncoding = 4; lastKnownFileType = sourcecode.c.h; path = SJTTopic.h; sourceTree = "<group>"; };
		8EBF0C611C7F3666001C6817 /* SJTTopic.m */ = {isa = PBXFileReference; fileEncoding = 4; lastKnownFileType = sourcecode.c.objc; path = SJTTopic.m; sourceTree = "<group>"; };
		8EBF0C631C7F4A38001C6817 /* SJTConst.h */ = {isa = PBXFileReference; fileEncoding = 4; lastKnownFileType = sourcecode.c.h; path = SJTConst.h; sourceTree = "<group>"; };
		8EBF0C641C7F4A38001C6817 /* SJTConst.m */ = {isa = PBXFileReference; fileEncoding = 4; lastKnownFileType = sourcecode.c.objc; path = SJTConst.m; sourceTree = "<group>"; };
		8ECDF7EE1C8D0E3100E5D8C9 /* SJTLoginTool.h */ = {isa = PBXFileReference; fileEncoding = 4; lastKnownFileType = sourcecode.c.h; path = SJTLoginTool.h; sourceTree = "<group>"; };
		8ECDF7EF1C8D0E3100E5D8C9 /* SJTLoginTool.m */ = {isa = PBXFileReference; fileEncoding = 4; lastKnownFileType = sourcecode.c.objc; path = SJTLoginTool.m; sourceTree = "<group>"; };
		8ECDF7F11C8D212B00E5D8C9 /* colors.plist */ = {isa = PBXFileReference; fileEncoding = 4; lastKnownFileType = text.plist.xml; path = colors.plist; sourceTree = "<group>"; };
		8ECDF7F61C8D274700E5D8C9 /* Skins */ = {isa = PBXFileReference; lastKnownFileType = folder; path = Skins; sourceTree = "<group>"; };
		8ECDF7F81C8D279900E5D8C9 /* UIColor+SJTExtension.h */ = {isa = PBXFileReference; fileEncoding = 4; lastKnownFileType = sourcecode.c.h; path = "UIColor+SJTExtension.h"; sourceTree = "<group>"; };
		8ECDF7F91C8D279900E5D8C9 /* UIColor+SJTExtension.m */ = {isa = PBXFileReference; fileEncoding = 4; lastKnownFileType = sourcecode.c.objc; path = "UIColor+SJTExtension.m"; sourceTree = "<group>"; };
		8ECDF7FB1C8D27C200E5D8C9 /* UIImage+SJTExtension.h */ = {isa = PBXFileReference; fileEncoding = 4; lastKnownFileType = sourcecode.c.h; path = "UIImage+SJTExtension.h"; sourceTree = "<group>"; };
		8ECDF7FC1C8D27C200E5D8C9 /* UIImage+SJTExtension.m */ = {isa = PBXFileReference; fileEncoding = 4; lastKnownFileType = sourcecode.c.objc; path = "UIImage+SJTExtension.m"; sourceTree = "<group>"; };
		8ED2EFA51C88372B00EEBC27 /* SJTPublishView.h */ = {isa = PBXFileReference; fileEncoding = 4; lastKnownFileType = sourcecode.c.h; path = SJTPublishView.h; sourceTree = "<group>"; };
		8ED2EFA61C88372B00EEBC27 /* SJTPublishView.m */ = {isa = PBXFileReference; fileEncoding = 4; lastKnownFileType = sourcecode.c.objc; path = SJTPublishView.m; sourceTree = "<group>"; };
		8ED2EFA71C88372B00EEBC27 /* SJTPublishView.xib */ = {isa = PBXFileReference; fileEncoding = 4; lastKnownFileType = file.xib; path = SJTPublishView.xib; sourceTree = "<group>"; };
		8ED2EFAA1C88380B00EEBC27 /* SJTPostWordViewController.h */ = {isa = PBXFileReference; fileEncoding = 4; lastKnownFileType = sourcecode.c.h; path = SJTPostWordViewController.h; sourceTree = "<group>"; };
		8ED2EFAB1C88380B00EEBC27 /* SJTPostWordViewController.m */ = {isa = PBXFileReference; fileEncoding = 4; lastKnownFileType = sourcecode.c.objc; path = SJTPostWordViewController.m; sourceTree = "<group>"; };
		8ED2EFAD1C8854AF00EEBC27 /* SJTPlaceholderTextView.h */ = {isa = PBXFileReference; fileEncoding = 4; lastKnownFileType = sourcecode.c.h; path = SJTPlaceholderTextView.h; sourceTree = "<group>"; };
		8ED2EFAE1C8854AF00EEBC27 /* SJTPlaceholderTextView.m */ = {isa = PBXFileReference; fileEncoding = 4; lastKnownFileType = sourcecode.c.objc; path = SJTPlaceholderTextView.m; sourceTree = "<group>"; };
		8ED2EFB01C887A5600EEBC27 /* SJTAddTagToolbar.h */ = {isa = PBXFileReference; fileEncoding = 4; lastKnownFileType = sourcecode.c.h; path = SJTAddTagToolbar.h; sourceTree = "<group>"; };
		8ED2EFB11C887A5600EEBC27 /* SJTAddTagToolbar.m */ = {isa = PBXFileReference; fileEncoding = 4; lastKnownFileType = sourcecode.c.objc; path = SJTAddTagToolbar.m; sourceTree = "<group>"; };
		8ED2EFB31C887A7100EEBC27 /* SJTAddTagToolbar.xib */ = {isa = PBXFileReference; fileEncoding = 4; lastKnownFileType = file.xib; path = SJTAddTagToolbar.xib; sourceTree = "<group>"; };
		8EE90CD21C7C5D600044BCB8 /* SJTRecommendTagsViewController.h */ = {isa = PBXFileReference; fileEncoding = 4; lastKnownFileType = sourcecode.c.h; path = SJTRecommendTagsViewController.h; sourceTree = "<group>"; };
		8EE90CD31C7C5D600044BCB8 /* SJTRecommendTagsViewController.m */ = {isa = PBXFileReference; fileEncoding = 4; lastKnownFileType = sourcecode.c.objc; path = SJTRecommendTagsViewController.m; sourceTree = "<group>"; };
		8EE90CD51C7C65610044BCB8 /* SJTRecommendTag.h */ = {isa = PBXFileReference; fileEncoding = 4; lastKnownFileType = sourcecode.c.h; path = SJTRecommendTag.h; sourceTree = "<group>"; };
		8EE90CD61C7C65610044BCB8 /* SJTRecommendTag.m */ = {isa = PBXFileReference; fileEncoding = 4; lastKnownFileType = sourcecode.c.objc; path = SJTRecommendTag.m; sourceTree = "<group>"; };
		8EE90CD81C7C66A70044BCB8 /* SJTRecommendTagCell.h */ = {isa = PBXFileReference; fileEncoding = 4; lastKnownFileType = sourcecode.c.h; path = SJTRecommendTagCell.h; sourceTree = "<group>"; };
		8EE90CD91C7C66A70044BCB8 /* SJTRecommendTagCell.m */ = {isa = PBXFileReference; fileEncoding = 4; lastKnownFileType = sourcecode.c.objc; path = SJTRecommendTagCell.m; sourceTree = "<group>"; };
		8EE90CDA1C7C66A70044BCB8 /* SJTRecommendTagCell.xib */ = {isa = PBXFileReference; fileEncoding = 4; lastKnownFileType = file.xib; path = SJTRecommendTagCell.xib; sourceTree = "<group>"; };
		8EF5232C1C7BFFF100AE987E /* SJTRecommendUserCell.h */ = {isa = PBXFileReference; fileEncoding = 4; lastKnownFileType = sourcecode.c.h; path = SJTRecommendUserCell.h; sourceTree = "<group>"; };
		8EF5232D1C7BFFF100AE987E /* SJTRecommendUserCell.m */ = {isa = PBXFileReference; fileEncoding = 4; lastKnownFileType = sourcecode.c.objc; path = SJTRecommendUserCell.m; sourceTree = "<group>"; };
		8EF5232E1C7BFFF100AE987E /* SJTRecommendUserCell.xib */ = {isa = PBXFileReference; fileEncoding = 4; lastKnownFileType = file.xib; path = SJTRecommendUserCell.xib; sourceTree = "<group>"; };
		8EF523311C7C03B500AE987E /* SJTRecommendUser.h */ = {isa = PBXFileReference; fileEncoding = 4; lastKnownFileType = sourcecode.c.h; path = SJTRecommendUser.h; sourceTree = "<group>"; };
		8EF523321C7C03B500AE987E /* SJTRecommendUser.m */ = {isa = PBXFileReference; fileEncoding = 4; lastKnownFileType = sourcecode.c.objc; path = SJTRecommendUser.m; sourceTree = "<group>"; };
		8EFBD37F1C801B45000F5379 /* NSDate+SJTExtension.h */ = {isa = PBXFileReference; fileEncoding = 4; lastKnownFileType = sourcecode.c.h; path = "NSDate+SJTExtension.h"; sourceTree = "<group>"; };
		8EFBD3801C801B45000F5379 /* NSDate+SJTExtension.m */ = {isa = PBXFileReference; fileEncoding = 4; lastKnownFileType = sourcecode.c.objc; path = "NSDate+SJTExtension.m"; sourceTree = "<group>"; };
		8EFBD3821C803171000F5379 /* SJTTopicViewController.h */ = {isa = PBXFileReference; fileEncoding = 4; lastKnownFileType = sourcecode.c.h; path = SJTTopicViewController.h; sourceTree = "<group>"; };
		8EFBD3831C803171000F5379 /* SJTTopicViewController.m */ = {isa = PBXFileReference; fileEncoding = 4; lastKnownFileType = sourcecode.c.objc; path = SJTTopicViewController.m; sourceTree = "<group>"; };
		8EFBD3851C805739000F5379 /* SJTTopicPictureView.h */ = {isa = PBXFileReference; fileEncoding = 4; lastKnownFileType = sourcecode.c.h; path = SJTTopicPictureView.h; sourceTree = "<group>"; };
		8EFBD3861C805739000F5379 /* SJTTopicPictureView.m */ = {isa = PBXFileReference; fileEncoding = 4; lastKnownFileType = sourcecode.c.objc; path = SJTTopicPictureView.m; sourceTree = "<group>"; };
		8EFBD3881C805765000F5379 /* SJTTopicPictureView.xib */ = {isa = PBXFileReference; fileEncoding = 4; lastKnownFileType = file.xib; path = SJTTopicPictureView.xib; sourceTree = "<group>"; };
		8EFBD3921C80B158000F5379 /* SJTPregressView.h */ = {isa = PBXFileReference; fileEncoding = 4; lastKnownFileType = sourcecode.c.h; path = SJTPregressView.h; sourceTree = "<group>"; };
		8EFBD3931C80B158000F5379 /* SJTPregressView.m */ = {isa = PBXFileReference; fileEncoding = 4; lastKnownFileType = sourcecode.c.objc; path = SJTPregressView.m; sourceTree = "<group>"; };
		EB398EDFB0B86D857D61C58B /* Pods.debug.xcconfig */ = {isa = PBXFileReference; includeInIndex = 1; lastKnownFileType = text.xcconfig; name = Pods.debug.xcconfig; path = "Pods/Target Support Files/Pods/Pods.debug.xcconfig"; sourceTree = "<group>"; };
/* End PBXFileReference section */

/* Begin PBXFrameworksBuildPhase section */
		8E3CA5831C784F6900B5E45C /* Frameworks */ = {
			isa = PBXFrameworksBuildPhase;
			buildActionMask = 2147483647;
			files = (
				06C73E5A4073B3D1C365ABB8 /* libPods.a in Frameworks */,
			);
			runOnlyForDeploymentPostprocessing = 0;
		};
/* End PBXFrameworksBuildPhase section */

/* Begin PBXGroup section */
		03991D1BFCB7E8A786FBECF5 /* Pods */ = {
			isa = PBXGroup;
			children = (
				EB398EDFB0B86D857D61C58B /* Pods.debug.xcconfig */,
				70CE773352BC0F86BCBEB65C /* Pods.release.xcconfig */,
			);
			name = Pods;
			sourceTree = "<group>";
		};
		8E3CA57D1C784F6900B5E45C = {
			isa = PBXGroup;
			children = (
				8E3CA5881C784F6900B5E45C /* 百思不得姐 */,
				8E3CA5871C784F6900B5E45C /* Products */,
				03991D1BFCB7E8A786FBECF5 /* Pods */,
				F328870682CC8873B94D35AD /* Frameworks */,
			);
			sourceTree = "<group>";
		};
		8E3CA5871C784F6900B5E45C /* Products */ = {
			isa = PBXGroup;
			children = (
				8E3CA5861C784F6900B5E45C /* 百思不得姐.app */,
			);
			name = Products;
			sourceTree = "<group>";
		};
		8E3CA5881C784F6900B5E45C /* 百思不得姐 */ = {
			isa = PBXGroup;
			children = (
				8E7943901C7AEFA300AD9E75 /* Classes */,
				8E3CA5891C784F6900B5E45C /* Supporting Files */,
			);
			path = "百思不得姐";
			sourceTree = "<group>";
		};
		8E3CA5891C784F6900B5E45C /* Supporting Files */ = {
			isa = PBXGroup;
			children = (
				8ECDF7F61C8D274700E5D8C9 /* Skins */,
				8E3CA5A61C78539700B5E45C /* Assets.xcassets */,
				8E3CA59A1C784F6A00B5E45C /* Info.plist */,
				8ECDF7F11C8D212B00E5D8C9 /* colors.plist */,
			);
			name = "Supporting Files";
			sourceTree = "<group>";
		};
		8E7943901C7AEFA300AD9E75 /* Classes */ = {
			isa = PBXGroup;
			children = (
				8ED2EFA11C88372B00EEBC27 /* Publish-发布 */,
				8E922F031C7DA1FA004CF9CE /* Login-登录 */,
				8E7943911C7AEFA300AD9E75 /* Essence-精华 */,
				8E7943A31C7AEFA300AD9E75 /* New-新帖 */,
				8E7943971C7AEFA300AD9E75 /* FriendTrends-关注 */,
				8E79439D1C7AEFA300AD9E75 /* Me-我 */,
				8E7943A91C7AEFA300AD9E75 /* Other-其他 */,
			);
			path = Classes;
			sourceTree = "<group>";
		};
		8E7943911C7AEFA300AD9E75 /* Essence-精华 */ = {
			isa = PBXGroup;
			children = (
				8E7943921C7AEFA300AD9E75 /* Controller */,
				8E7943951C7AEFA300AD9E75 /* Model */,
				8E7943961C7AEFA300AD9E75 /* View */,
			);
			path = "Essence-精华";
			sourceTree = "<group>";
		};
		8E7943921C7AEFA300AD9E75 /* Controller */ = {
			isa = PBXGroup;
			children = (
				8E7943931C7AEFA300AD9E75 /* SJTEssenceViewController.h */,
				8E7943941C7AEFA300AD9E75 /* SJTEssenceViewController.m */,
				8EE90CD21C7C5D600044BCB8 /* SJTRecommendTagsViewController.h */,
				8EE90CD31C7C5D600044BCB8 /* SJTRecommendTagsViewController.m */,
				8EFBD3821C803171000F5379 /* SJTTopicViewController.h */,
				8EFBD3831C803171000F5379 /* SJTTopicViewController.m */,
				8E4BFBD81C85628E005DA2C0 /* SJTCommentViewController.h */,
				8E4BFBD91C85628E005DA2C0 /* SJTCommentViewController.m */,
				8E4BFBDA1C85628E005DA2C0 /* SJTCommentViewController.xib */,
			);
			path = Controller;
			sourceTree = "<group>";
		};
		8E7943951C7AEFA300AD9E75 /* Model */ = {
			isa = PBXGroup;
			children = (
				8EE90CD51C7C65610044BCB8 /* SJTRecommendTag.h */,
				8EE90CD61C7C65610044BCB8 /* SJTRecommendTag.m */,
				8EBF0C601C7F3666001C6817 /* SJTTopic.h */,
				8EBF0C611C7F3666001C6817 /* SJTTopic.m */,
				8E4BFBD21C854878005DA2C0 /* SJTUser.h */,
				8E4BFBD31C854878005DA2C0 /* SJTUser.m */,
				8E4BFBD51C854A2B005DA2C0 /* SJTComment.h */,
				8E4BFBD61C854A2B005DA2C0 /* SJTComment.m */,
			);
			path = Model;
			sourceTree = "<group>";
		};
		8E7943961C7AEFA300AD9E75 /* View */ = {
			isa = PBXGroup;
			children = (
				8EFBD3921C80B158000F5379 /* SJTPregressView.h */,
				8EFBD3931C80B158000F5379 /* SJTPregressView.m */,
				8E4BFBDD1C859D46005DA2C0 /* SJTCommentHeaderView.h */,
				8E4BFBDE1C859D46005DA2C0 /* SJTCommentHeaderView.m */,
				8EE90CD81C7C66A70044BCB8 /* SJTRecommendTagCell.h */,
				8EE90CD91C7C66A70044BCB8 /* SJTRecommendTagCell.m */,
				8EE90CDA1C7C66A70044BCB8 /* SJTRecommendTagCell.xib */,
				8EBF0C5D1C7F022C001C6817 /* SJTTItleButton.h */,
				8EBF0C5E1C7F022C001C6817 /* SJTTItleButton.m */,
				8E9567251C7FF3BD00C3B908 /* SJTTopicCell.h */,
				8E9567261C7FF3BD00C3B908 /* SJTTopicCell.m */,
				8E9567271C7FF3BD00C3B908 /* SJTTopicCell.xib */,
				8EFBD3851C805739000F5379 /* SJTTopicPictureView.h */,
				8EFBD3861C805739000F5379 /* SJTTopicPictureView.m */,
				8EFBD3881C805765000F5379 /* SJTTopicPictureView.xib */,
				8EB2AC491C847E4B0090620A /* SJTTopicVoiceView.h */,
				8EB2AC4A1C847E4B0090620A /* SJTTopicVoiceView.m */,
				8EB2AC4C1C847E580090620A /* SJTTopicVoiceView.xib */,
				8EB2AC4E1C8489B30090620A /* SJTTopicVideoView.h */,
				8EB2AC4F1C8489B30090620A /* SJTTopicVideoView.m */,
				8EB2AC511C8489BF0090620A /* SJTTopicVideoView.xib */,
				8E1DC32D1C815A62006F51A9 /* SJTShowPictureView.h */,
				8E1DC32E1C815A62006F51A9 /* SJTShowPictureView.m */,
				8E1DC3301C815ABE006F51A9 /* SJTShowPictureView.xib */,
				8E4BFBE01C85D0DA005DA2C0 /* SJTCommentCell.h */,
				8E4BFBE11C85D0DA005DA2C0 /* SJTCommentCell.m */,
				8E4BFBE21C85D0DA005DA2C0 /* SJTCommentCell.xib */,
			);
			path = View;
			sourceTree = "<group>";
		};
		8E7943971C7AEFA300AD9E75 /* FriendTrends-关注 */ = {
			isa = PBXGroup;
			children = (
				8E7943981C7AEFA300AD9E75 /* Controller */,
				8E79439B1C7AEFA300AD9E75 /* Model */,
				8E79439C1C7AEFA300AD9E75 /* View */,
			);
			path = "FriendTrends-关注";
			sourceTree = "<group>";
		};
		8E7943981C7AEFA300AD9E75 /* Controller */ = {
			isa = PBXGroup;
			children = (
				8E7943991C7AEFA300AD9E75 /* SJTFriendTrendsViewController.h */,
				8E79439A1C7AEFA300AD9E75 /* SJTFriendTrendsViewController.m */,
				8E7944441C7B0B5800AD9E75 /* SJTFriendTrendsViewController.xib */,
				8E7944461C7B49E500AD9E75 /* SJTRecommendViewController.h */,
				8E7944471C7B49E500AD9E75 /* SJTRecommendViewController.m */,
				8E7944481C7B49E500AD9E75 /* SJTRecommendViewController.xib */,
			);
			path = Controller;
			sourceTree = "<group>";
		};
		8E79439B1C7AEFA300AD9E75 /* Model */ = {
			isa = PBXGroup;
			children = (
				8E79444B1C7B536500AD9E75 /* SJTRecommendCategory.h */,
				8E79444C1C7B536500AD9E75 /* SJTRecommendCategory.m */,
				8EF523311C7C03B500AE987E /* SJTRecommendUser.h */,
				8EF523321C7C03B500AE987E /* SJTRecommendUser.m */,
			);
			path = Model;
			sourceTree = "<group>";
		};
		8E79439C1C7AEFA300AD9E75 /* View */ = {
			isa = PBXGroup;
			children = (
				8E79444E1C7B558400AD9E75 /* SJTRecommendCategoryCell.h */,
				8E79444F1C7B558400AD9E75 /* SJTRecommendCategoryCell.m */,
				8E7944501C7B558400AD9E75 /* SJTRecommendCategoryCell.xib */,
				8EF5232C1C7BFFF100AE987E /* SJTRecommendUserCell.h */,
				8EF5232D1C7BFFF100AE987E /* SJTRecommendUserCell.m */,
				8EF5232E1C7BFFF100AE987E /* SJTRecommendUserCell.xib */,
			);
			path = View;
			sourceTree = "<group>";
		};
		8E79439D1C7AEFA300AD9E75 /* Me-我 */ = {
			isa = PBXGroup;
			children = (
				8E79439E1C7AEFA300AD9E75 /* Controller */,
				8E7943A11C7AEFA300AD9E75 /* Model */,
				8E7943A21C7AEFA300AD9E75 /* View */,
			);
			path = "Me-我";
			sourceTree = "<group>";
		};
		8E79439E1C7AEFA300AD9E75 /* Controller */ = {
			isa = PBXGroup;
			children = (
				8E79439F1C7AEFA300AD9E75 /* SJTMeViewController.h */,
				8E7943A01C7AEFA300AD9E75 /* SJTMeViewController.m */,
				8E5E21E51C882226000D43B2 /* SJTWebViewController.h */,
				8E5E21E61C882226000D43B2 /* SJTWebViewController.m */,
				8E5E21E71C882226000D43B2 /* SJTWebViewController.xib */,
				8EAA48BC1C8A8E2E001721ED /* SJTSettingViewController.h */,
				8EAA48BD1C8A8E2E001721ED /* SJTSettingViewController.m */,
			);
			path = Controller;
			sourceTree = "<group>";
		};
		8E7943A11C7AEFA300AD9E75 /* Model */ = {
			isa = PBXGroup;
			children = (
				8E5E21DF1C881052000D43B2 /* SJTSquare.h */,
				8E5E21E01C881052000D43B2 /* SJTSquare.m */,
			);
			path = Model;
			sourceTree = "<group>";
		};
		8E7943A21C7AEFA300AD9E75 /* View */ = {
			isa = PBXGroup;
			children = (
				8E5E21D91C880791000D43B2 /* SJTMeCell.h */,
				8E5E21DA1C880791000D43B2 /* SJTMeCell.m */,
				8E5E21DC1C880C3F000D43B2 /* SJTMeFooterView.h */,
				8E5E21DD1C880C3F000D43B2 /* SJTMeFooterView.m */,
				8E5E21E21C881459000D43B2 /* SJTSquareButton.h */,
				8E5E21E31C881459000D43B2 /* SJTSquareButton.m */,
			);
			path = View;
			sourceTree = "<group>";
		};
		8E7943A31C7AEFA300AD9E75 /* New-新帖 */ = {
			isa = PBXGroup;
			children = (
				8E7943A41C7AEFA300AD9E75 /* Controller */,
				8E7943A71C7AEFA300AD9E75 /* Model */,
				8E7943A81C7AEFA300AD9E75 /* View */,
			);
			path = "New-新帖";
			sourceTree = "<group>";
		};
		8E7943A41C7AEFA300AD9E75 /* Controller */ = {
			isa = PBXGroup;
			children = (
				8E7943A51C7AEFA300AD9E75 /* SJTNewViewController.h */,
				8E7943A61C7AEFA300AD9E75 /* SJTNewViewController.m */,
			);
			path = Controller;
			sourceTree = "<group>";
		};
		8E7943A71C7AEFA300AD9E75 /* Model */ = {
			isa = PBXGroup;
			children = (
			);
			path = Model;
			sourceTree = "<group>";
		};
		8E7943A81C7AEFA300AD9E75 /* View */ = {
			isa = PBXGroup;
			children = (
			);
			path = View;
			sourceTree = "<group>";
		};
		8E7943A91C7AEFA300AD9E75 /* Other-其他 */ = {
			isa = PBXGroup;
			children = (
				8E7943AC1C7AEFA300AD9E75 /* Category */,
				8E7943B41C7AEFA300AD9E75 /* Controller */,
				8E79440C1C7AEFA300AD9E75 /* View */,
				8E7943AA1C7AEFA300AD9E75 /* AppDelegate.h */,
				8E7943AB1C7AEFA300AD9E75 /* AppDelegate.m */,
				8E79440A1C7AEFA300AD9E75 /* main.m */,
				8E79440B1C7AEFA300AD9E75 /* PrefixHeader.pch */,
				8EBF0C631C7F4A38001C6817 /* SJTConst.h */,
				8EBF0C641C7F4A38001C6817 /* SJTConst.m */,
				8ECDF7EE1C8D0E3100E5D8C9 /* SJTLoginTool.h */,
				8ECDF7EF1C8D0E3100E5D8C9 /* SJTLoginTool.m */,
			);
			path = "Other-其他";
			sourceTree = "<group>";
		};
		8E7943AC1C7AEFA300AD9E75 /* Category */ = {
			isa = PBXGroup;
			children = (
				8E7943AD1C7AEFA300AD9E75 /* Foundation+Log.m */,
				8E7943AE1C7AEFA300AD9E75 /* SJTTool.h */,
				8E7943AF1C7AEFA300AD9E75 /* SJTTool.m */,
				8E7943B01C7AEFA300AD9E75 /* UIBarButtonItem+Extension.h */,
				8E7943B11C7AEFA300AD9E75 /* UIBarButtonItem+Extension.m */,
				8E7943B21C7AEFA300AD9E75 /* UIView+Extension.h */,
				8E7943B31C7AEFA300AD9E75 /* UIView+Extension.m */,
				8EFBD37F1C801B45000F5379 /* NSDate+SJTExtension.h */,
				8EFBD3801C801B45000F5379 /* NSDate+SJTExtension.m */,
				8E5E21D61C87E2A9000D43B2 /* UIImageView+SJTExtension.h */,
				8E5E21D71C87E2A9000D43B2 /* UIImageView+SJTExtension.m */,
				8ECDF7F81C8D279900E5D8C9 /* UIColor+SJTExtension.h */,
				8ECDF7F91C8D279900E5D8C9 /* UIColor+SJTExtension.m */,
				8ECDF7FB1C8D27C200E5D8C9 /* UIImage+SJTExtension.h */,
				8ECDF7FC1C8D27C200E5D8C9 /* UIImage+SJTExtension.m */,
			);
			path = Category;
			sourceTree = "<group>";
		};
		8E7943B41C7AEFA300AD9E75 /* Controller */ = {
			isa = PBXGroup;
			children = (
				8E7943B51C7AEFA300AD9E75 /* SJTTabBarController.h */,
				8E7943B61C7AEFA300AD9E75 /* SJTTabBarController.m */,
				8E7944411C7AF9D300AD9E75 /* SJTNavigationController.h */,
				8E7944421C7AF9D300AD9E75 /* SJTNavigationController.m */,
			);
			path = Controller;
			sourceTree = "<group>";
		};
		8E79440C1C7AEFA300AD9E75 /* View */ = {
			isa = PBXGroup;
			children = (
				8E79440D1C7AEFA300AD9E75 /* SJTTabBar.h */,
				8E79440E1C7AEFA300AD9E75 /* SJTTabBar.m */,
				8E922F121C7DB3A5004CF9CE /* SJTPushGuideView.h */,
				8E922F131C7DB3A5004CF9CE /* SJTPushGuideView.m */,
				8E922F151C7DB3B6004CF9CE /* SJTPushGuideView.xib */,
				8E4BFBE81C860D06005DA2C0 /* SJTTopWindow.h */,
				8E4BFBE91C860D06005DA2C0 /* SJTTopWindow.m */,
				8E6CD0E51C8FC10E00257BEB /* SJTTopWindowViewController.h */,
				8E6CD0E61C8FC10E00257BEB /* SJTTopWindowViewController.m */,
			);
			path = View;
			sourceTree = "<group>";
		};
		8E922F031C7DA1FA004CF9CE /* Login-登录 */ = {
			isa = PBXGroup;
			children = (
				8E922F041C7DA1FA004CF9CE /* Controller */,
				8E922F081C7DA1FA004CF9CE /* Model */,
				8E922F091C7DA1FA004CF9CE /* View */,
			);
			path = "Login-登录";
			sourceTree = "<group>";
		};
		8E922F041C7DA1FA004CF9CE /* Controller */ = {
			isa = PBXGroup;
			children = (
				8E922F051C7DA1FA004CF9CE /* SJTLoginRegisterViewController.h */,
				8E922F061C7DA1FA004CF9CE /* SJTLoginRegisterViewController.m */,
				8E922F071C7DA1FA004CF9CE /* SJTLoginRegisterViewController.xib */,
			);
			path = Controller;
			sourceTree = "<group>";
		};
		8E922F081C7DA1FA004CF9CE /* Model */ = {
			isa = PBXGroup;
			children = (
			);
			path = Model;
			sourceTree = "<group>";
		};
		8E922F091C7DA1FA004CF9CE /* View */ = {
			isa = PBXGroup;
			children = (
				8E922F0A1C7DA1FA004CF9CE /* SJTTextField.h */,
				8E922F0B1C7DA1FA004CF9CE /* SJTTextField.m */,
				8E922F0C1C7DA1FA004CF9CE /* SJTVerticalButton.h */,
				8E922F0D1C7DA1FA004CF9CE /* SJTVerticalButton.m */,
			);
			path = View;
			sourceTree = "<group>";
		};
		8ED2EFA11C88372B00EEBC27 /* Publish-发布 */ = {
			isa = PBXGroup;
			children = (
				8ED2EFA21C88372B00EEBC27 /* Controller */,
				8ED2EFA31C88372B00EEBC27 /* Model */,
				8ED2EFA41C88372B00EEBC27 /* View */,
			);
			path = "Publish-发布";
			sourceTree = "<group>";
		};
		8ED2EFA21C88372B00EEBC27 /* Controller */ = {
			isa = PBXGroup;
			children = (
				8ED2EFAA1C88380B00EEBC27 /* SJTPostWordViewController.h */,
				8ED2EFAB1C88380B00EEBC27 /* SJTPostWordViewController.m */,
				8E482DA21C8934AB00057386 /* SJTAddTagViewController.h */,
				8E482DA31C8934AB00057386 /* SJTAddTagViewController.m */,
			);
			path = Controller;
			sourceTree = "<group>";
		};
		8ED2EFA31C88372B00EEBC27 /* Model */ = {
			isa = PBXGroup;
			children = (
			);
			path = Model;
			sourceTree = "<group>";
		};
		8ED2EFA41C88372B00EEBC27 /* View */ = {
			isa = PBXGroup;
			children = (
				8ED2EFA51C88372B00EEBC27 /* SJTPublishView.h */,
				8ED2EFA61C88372B00EEBC27 /* SJTPublishView.m */,
				8ED2EFA71C88372B00EEBC27 /* SJTPublishView.xib */,
				8ED2EFAD1C8854AF00EEBC27 /* SJTPlaceholderTextView.h */,
				8ED2EFAE1C8854AF00EEBC27 /* SJTPlaceholderTextView.m */,
				8ED2EFB01C887A5600EEBC27 /* SJTAddTagToolbar.h */,
				8ED2EFB11C887A5600EEBC27 /* SJTAddTagToolbar.m */,
				8ED2EFB31C887A7100EEBC27 /* SJTAddTagToolbar.xib */,
				8E482DA51C8959A500057386 /* SJTTagButton.h */,
				8E482DA61C8959A500057386 /* SJTTagButton.m */,
				8E482DA81C89891C00057386 /* SJTTagTextField.h */,
				8E482DA91C89891C00057386 /* SJTTagTextField.m */,
			);
			path = View;
			sourceTree = "<group>";
		};
		F328870682CC8873B94D35AD /* Frameworks */ = {
			isa = PBXGroup;
			children = (
				2A7DCB1A5137A72FBFBFFE04 /* libPods.a */,
			);
			name = Frameworks;
			sourceTree = "<group>";
		};
/* End PBXGroup section */

/* Begin PBXNativeTarget section */
		8E3CA5851C784F6900B5E45C /* 百思不得姐 */ = {
			isa = PBXNativeTarget;
			buildConfigurationList = 8E3CA59D1C784F6A00B5E45C /* Build configuration list for PBXNativeTarget "百思不得姐" */;
			buildPhases = (
				72880B51818F9CAD9B14DE87 /* Check Pods Manifest.lock */,
				8E3CA5821C784F6900B5E45C /* Sources */,
				8E3CA5831C784F6900B5E45C /* Frameworks */,
				8E3CA5841C784F6900B5E45C /* Resources */,
				C7F86F4F1F9AC844D3CCBC9E /* Embed Pods Frameworks */,
				E1023C6383A5AB4EB0300DB3 /* Copy Pods Resources */,
			);
			buildRules = (
			);
			dependencies = (
			);
			name = "百思不得姐";
			productName = "百思不得姐";
			productReference = 8E3CA5861C784F6900B5E45C /* 百思不得姐.app */;
			productType = "com.apple.product-type.application";
		};
/* End PBXNativeTarget section */

/* Begin PBXProject section */
		8E3CA57E1C784F6900B5E45C /* Project object */ = {
			isa = PBXProject;
			attributes = {
				CLASSPREFIX = SJT;
				LastUpgradeCheck = 0730;
				ORGANIZATIONNAME = "史江涛";
				TargetAttributes = {
					8E3CA5851C784F6900B5E45C = {
						CreatedOnToolsVersion = 7.3;
						DevelopmentTeam = 99ZCZVB5EX;
					};
				};
			};
			buildConfigurationList = 8E3CA5811C784F6900B5E45C /* Build configuration list for PBXProject "百思不得姐" */;
			compatibilityVersion = "Xcode 3.2";
			developmentRegion = English;
			hasScannedForEncodings = 0;
			knownRegions = (
				en,
				Base,
			);
			mainGroup = 8E3CA57D1C784F6900B5E45C;
			productRefGroup = 8E3CA5871C784F6900B5E45C /* Products */;
			projectDirPath = "";
			projectRoot = "";
			targets = (
				8E3CA5851C784F6900B5E45C /* 百思不得姐 */,
			);
		};
/* End PBXProject section */

/* Begin PBXResourcesBuildPhase section */
		8E3CA5841C784F6900B5E45C /* Resources */ = {
			isa = PBXResourcesBuildPhase;
			buildActionMask = 2147483647;
			files = (
				8E1DC3311C815ABE006F51A9 /* SJTShowPictureView.xib in Resources */,
				8E4BFBDC1C85628E005DA2C0 /* SJTCommentViewController.xib in Resources */,
				8E7944521C7B558400AD9E75 /* SJTRecommendCategoryCell.xib in Resources */,
				8EFBD3891C805765000F5379 /* SJTTopicPictureView.xib in Resources */,
				8E3CA5A71C78539700B5E45C /* Assets.xcassets in Resources */,
				8E7944451C7B0B5800AD9E75 /* SJTFriendTrendsViewController.xib in Resources */,
				8ED2EFB41C887A7100EEBC27 /* SJTAddTagToolbar.xib in Resources */,
				8ECDF7F21C8D212B00E5D8C9 /* colors.plist in Resources */,
				8EE90CDC1C7C66A70044BCB8 /* SJTRecommendTagCell.xib in Resources */,
				8E4BFBE41C85D0DA005DA2C0 /* SJTCommentCell.xib in Resources */,
				8E9567291C7FF3BD00C3B908 /* SJTTopicCell.xib in Resources */,
				8E5E21E91C882226000D43B2 /* SJTWebViewController.xib in Resources */,
				8EF523301C7BFFF100AE987E /* SJTRecommendUserCell.xib in Resources */,
				8ED2EFA91C88372B00EEBC27 /* SJTPublishView.xib in Resources */,
				8E79444A1C7B49E500AD9E75 /* SJTRecommendViewController.xib in Resources */,
				8EB2AC521C8489BF0090620A /* SJTTopicVideoView.xib in Resources */,
				8EB2AC4D1C847E580090620A /* SJTTopicVoiceView.xib in Resources */,
				8ECDF7F71C8D274700E5D8C9 /* Skins in Resources */,
				8E922F0F1C7DA1FA004CF9CE /* SJTLoginRegisterViewController.xib in Resources */,
				8E922F161C7DB3B6004CF9CE /* SJTPushGuideView.xib in Resources */,
			);
			runOnlyForDeploymentPostprocessing = 0;
		};
/* End PBXResourcesBuildPhase section */

/* Begin PBXShellScriptBuildPhase section */
		72880B51818F9CAD9B14DE87 /* Check Pods Manifest.lock */ = {
			isa = PBXShellScriptBuildPhase;
			buildActionMask = 2147483647;
			files = (
			);
			inputPaths = (
			);
			name = "Check Pods Manifest.lock";
			outputPaths = (
			);
			runOnlyForDeploymentPostprocessing = 0;
			shellPath = /bin/sh;
			shellScript = "diff \"${PODS_ROOT}/../Podfile.lock\" \"${PODS_ROOT}/Manifest.lock\" > /dev/null\nif [[ $? != 0 ]] ; then\n    cat << EOM\nerror: The sandbox is not in sync with the Podfile.lock. Run 'pod install' or update your CocoaPods installation.\nEOM\n    exit 1\nfi\n";
			showEnvVarsInLog = 0;
		};
		C7F86F4F1F9AC844D3CCBC9E /* Embed Pods Frameworks */ = {
			isa = PBXShellScriptBuildPhase;
			buildActionMask = 2147483647;
			files = (
			);
			inputPaths = (
			);
			name = "Embed Pods Frameworks";
			outputPaths = (
			);
			runOnlyForDeploymentPostprocessing = 0;
			shellPath = /bin/sh;
			shellScript = "\"${SRCROOT}/Pods/Target Support Files/Pods/Pods-frameworks.sh\"\n";
			showEnvVarsInLog = 0;
		};
		E1023C6383A5AB4EB0300DB3 /* Copy Pods Resources */ = {
			isa = PBXShellScriptBuildPhase;
			buildActionMask = 2147483647;
			files = (
			);
			inputPaths = (
			);
			name = "Copy Pods Resources";
			outputPaths = (
			);
			runOnlyForDeploymentPostprocessing = 0;
			shellPath = /bin/sh;
			shellScript = "\"${SRCROOT}/Pods/Target Support Files/Pods/Pods-resources.sh\"\n";
			showEnvVarsInLog = 0;
		};
/* End PBXShellScriptBuildPhase section */

/* Begin PBXSourcesBuildPhase section */
		8E3CA5821C784F6900B5E45C /* Sources */ = {
			isa = PBXSourcesBuildPhase;
			buildActionMask = 2147483647;
			files = (
				8E1DC32F1C815A62006F51A9 /* SJTShowPictureView.m in Sources */,
				8EBF0C5F1C7F022C001C6817 /* SJTTItleButton.m in Sources */,
				8E5E21D81C87E2A9000D43B2 /* UIImageView+SJTExtension.m in Sources */,
				8EAA48BE1C8A8E2E001721ED /* SJTSettingViewController.m in Sources */,
				8E922F0E1C7DA1FA004CF9CE /* SJTLoginRegisterViewController.m in Sources */,
				8ECDF7FA1C8D279900E5D8C9 /* UIColor+SJTExtension.m in Sources */,
				8E5E21DE1C880C3F000D43B2 /* SJTMeFooterView.m in Sources */,
				8EBF0C651C7F4A38001C6817 /* SJTConst.m in Sources */,
				8EB2AC501C8489B30090620A /* SJTTopicVideoView.m in Sources */,
				8E5E21E81C882226000D43B2 /* SJTWebViewController.m in Sources */,
				8E7944171C7AEFA300AD9E75 /* UIView+Extension.m in Sources */,
				8ED2EFAF1C8854AF00EEBC27 /* SJTPlaceholderTextView.m in Sources */,
				8E79443F1C7AEFA300AD9E75 /* main.m in Sources */,
				8E7944111C7AEFA300AD9E75 /* SJTMeViewController.m in Sources */,
				8E7944101C7AEFA300AD9E75 /* SJTFriendTrendsViewController.m in Sources */,
				8E4BFBD71C854A2B005DA2C0 /* SJTComment.m in Sources */,
				8EFBD3941C80B158000F5379 /* SJTPregressView.m in Sources */,
				8E7944181C7AEFA300AD9E75 /* SJTTabBarController.m in Sources */,
				8E4BFBD41C854878005DA2C0 /* SJTUser.m in Sources */,
				8E5E21DB1C880791000D43B2 /* SJTMeCell.m in Sources */,
				8E482DA41C8934AB00057386 /* SJTAddTagViewController.m in Sources */,
				8E7944151C7AEFA300AD9E75 /* SJTTool.m in Sources */,
				8E79444D1C7B536500AD9E75 /* SJTRecommendCategory.m in Sources */,
				8E7944431C7AF9D300AD9E75 /* SJTNavigationController.m in Sources */,
				8E4BFBE31C85D0DA005DA2C0 /* SJTCommentCell.m in Sources */,
				8E79440F1C7AEFA300AD9E75 /* SJTEssenceViewController.m in Sources */,
				8E4BFBDF1C859D46005DA2C0 /* SJTCommentHeaderView.m in Sources */,
				8ED2EFA81C88372B00EEBC27 /* SJTPublishView.m in Sources */,
				8ED2EFAC1C88380B00EEBC27 /* SJTPostWordViewController.m in Sources */,
				8EB2AC4B1C847E4B0090620A /* SJTTopicVoiceView.m in Sources */,
				8EF523331C7C03B500AE987E /* SJTRecommendUser.m in Sources */,
				8E7944161C7AEFA300AD9E75 /* UIBarButtonItem+Extension.m in Sources */,
				8EFBD3841C803171000F5379 /* SJTTopicViewController.m in Sources */,
				8ED2EFB21C887A5600EEBC27 /* SJTAddTagToolbar.m in Sources */,
				8E6CD0E71C8FC10E00257BEB /* SJTTopWindowViewController.m in Sources */,
				8E7944121C7AEFA300AD9E75 /* SJTNewViewController.m in Sources */,
				8E922F111C7DA1FA004CF9CE /* SJTVerticalButton.m in Sources */,
				8E482DA71C8959A500057386 /* SJTTagButton.m in Sources */,
				8E7944511C7B558400AD9E75 /* SJTRecommendCategoryCell.m in Sources */,
				8E922F101C7DA1FA004CF9CE /* SJTTextField.m in Sources */,
				8EBF0C621C7F3666001C6817 /* SJTTopic.m in Sources */,
				8ECDF7F01C8D0E3100E5D8C9 /* SJTLoginTool.m in Sources */,
				8EFBD3811C801B45000F5379 /* NSDate+SJTExtension.m in Sources */,
				8E9567281C7FF3BD00C3B908 /* SJTTopicCell.m in Sources */,
				8E4BFBEA1C860D06005DA2C0 /* SJTTopWindow.m in Sources */,
				8E482DAA1C89891C00057386 /* SJTTagTextField.m in Sources */,
				8E7944401C7AEFA300AD9E75 /* SJTTabBar.m in Sources */,
				8EFBD3871C805739000F5379 /* SJTTopicPictureView.m in Sources */,
				8EF5232F1C7BFFF100AE987E /* SJTRecommendUserCell.m in Sources */,
				8E4BFBDB1C85628E005DA2C0 /* SJTCommentViewController.m in Sources */,
				8EE90CD41C7C5D600044BCB8 /* SJTRecommendTagsViewController.m in Sources */,
				8E5E21E41C881459000D43B2 /* SJTSquareButton.m in Sources */,
				8EE90CDB1C7C66A70044BCB8 /* SJTRecommendTagCell.m in Sources */,
				8E7944491C7B49E500AD9E75 /* SJTRecommendViewController.m in Sources */,
				8E7944131C7AEFA300AD9E75 /* AppDelegate.m in Sources */,
				8E7944141C7AEFA300AD9E75 /* Foundation+Log.m in Sources */,
				8E922F141C7DB3A5004CF9CE /* SJTPushGuideView.m in Sources */,
				8EE90CD71C7C65610044BCB8 /* SJTRecommendTag.m in Sources */,
				8ECDF7FD1C8D27C200E5D8C9 /* UIImage+SJTExtension.m in Sources */,
				8E5E21E11C881052000D43B2 /* SJTSquare.m in Sources */,
			);
			runOnlyForDeploymentPostprocessing = 0;
		};
/* End PBXSourcesBuildPhase section */

/* Begin XCBuildConfiguration section */
		8E3CA59B1C784F6A00B5E45C /* Debug */ = {
			isa = XCBuildConfiguration;
			buildSettings = {
				ALWAYS_SEARCH_USER_PATHS = NO;
				CLANG_CXX_LANGUAGE_STANDARD = "gnu++0x";
				CLANG_CXX_LIBRARY = "libc++";
				CLANG_ENABLE_MODULES = YES;
				CLANG_ENABLE_OBJC_ARC = YES;
				CLANG_WARN_BOOL_CONVERSION = YES;
				CLANG_WARN_CONSTANT_CONVERSION = YES;
				CLANG_WARN_DIRECT_OBJC_ISA_USAGE = YES_ERROR;
				CLANG_WARN_EMPTY_BODY = YES;
				CLANG_WARN_ENUM_CONVERSION = YES;
				CLANG_WARN_INT_CONVERSION = YES;
				CLANG_WARN_OBJC_ROOT_CLASS = YES_ERROR;
				CLANG_WARN_UNREACHABLE_CODE = YES;
				CLANG_WARN__DUPLICATE_METHOD_MATCH = YES;
				"CODE_SIGN_IDENTITY[sdk=iphoneos*]" = "iPhone Developer";
				COPY_PHASE_STRIP = NO;
				DEBUG_INFORMATION_FORMAT = dwarf;
				ENABLE_STRICT_OBJC_MSGSEND = YES;
				ENABLE_TESTABILITY = YES;
				GCC_C_LANGUAGE_STANDARD = gnu99;
				GCC_DYNAMIC_NO_PIC = NO;
				GCC_NO_COMMON_BLOCKS = YES;
				GCC_OPTIMIZATION_LEVEL = 0;
				GCC_PREPROCESSOR_DEFINITIONS = (
					"DEBUG=1",
					"$(inherited)",
				);
				GCC_WARN_64_TO_32_BIT_CONVERSION = YES;
				GCC_WARN_ABOUT_RETURN_TYPE = YES_ERROR;
				GCC_WARN_UNDECLARED_SELECTOR = YES;
				GCC_WARN_UNINITIALIZED_AUTOS = YES_AGGRESSIVE;
				GCC_WARN_UNUSED_FUNCTION = YES;
				GCC_WARN_UNUSED_VARIABLE = YES;
				IPHONEOS_DEPLOYMENT_TARGET = 9.3;
				MTL_ENABLE_DEBUG_INFO = YES;
				ONLY_ACTIVE_ARCH = YES;
				SDKROOT = iphoneos;
			};
			name = Debug;
		};
		8E3CA59C1C784F6A00B5E45C /* Release */ = {
			isa = XCBuildConfiguration;
			buildSettings = {
				ALWAYS_SEARCH_USER_PATHS = NO;
				CLANG_CXX_LANGUAGE_STANDARD = "gnu++0x";
				CLANG_CXX_LIBRARY = "libc++";
				CLANG_ENABLE_MODULES = YES;
				CLANG_ENABLE_OBJC_ARC = YES;
				CLANG_WARN_BOOL_CONVERSION = YES;
				CLANG_WARN_CONSTANT_CONVERSION = YES;
				CLANG_WARN_DIRECT_OBJC_ISA_USAGE = YES_ERROR;
				CLANG_WARN_EMPTY_BODY = YES;
				CLANG_WARN_ENUM_CONVERSION = YES;
				CLANG_WARN_INT_CONVERSION = YES;
				CLANG_WARN_OBJC_ROOT_CLASS = YES_ERROR;
				CLANG_WARN_UNREACHABLE_CODE = YES;
				CLANG_WARN__DUPLICATE_METHOD_MATCH = YES;
				"CODE_SIGN_IDENTITY[sdk=iphoneos*]" = "iPhone Developer";
				COPY_PHASE_STRIP = NO;
				DEBUG_INFORMATION_FORMAT = "dwarf-with-dsym";
				ENABLE_NS_ASSERTIONS = NO;
				ENABLE_STRICT_OBJC_MSGSEND = YES;
				GCC_C_LANGUAGE_STANDARD = gnu99;
				GCC_NO_COMMON_BLOCKS = YES;
				GCC_WARN_64_TO_32_BIT_CONVERSION = YES;
				GCC_WARN_ABOUT_RETURN_TYPE = YES_ERROR;
				GCC_WARN_UNDECLARED_SELECTOR = YES;
				GCC_WARN_UNINITIALIZED_AUTOS = YES_AGGRESSIVE;
				GCC_WARN_UNUSED_FUNCTION = YES;
				GCC_WARN_UNUSED_VARIABLE = YES;
				IPHONEOS_DEPLOYMENT_TARGET = 9.3;
				MTL_ENABLE_DEBUG_INFO = NO;
				SDKROOT = iphoneos;
				VALIDATE_PRODUCT = YES;
			};
			name = Release;
		};
		8E3CA59E1C784F6A00B5E45C /* Debug */ = {
			isa = XCBuildConfiguration;
			baseConfigurationReference = EB398EDFB0B86D857D61C58B /* Pods.debug.xcconfig */;
			buildSettings = {
				ASSETCATALOG_COMPILER_APPICON_NAME = AppIcon;
				ASSETCATALOG_COMPILER_LAUNCHIMAGE_NAME = LaunchImage;
				GCC_PREFIX_HEADER = "百思不得姐/Classes/Other-其他/PrefixHeader.pch";
				INFOPLIST_FILE = "百思不得姐/Info.plist";
				IPHONEOS_DEPLOYMENT_TARGET = 9.3;
				LD_RUNPATH_SEARCH_PATHS = "$(inherited) @executable_path/Frameworks";
				PRODUCT_BUNDLE_IDENTIFIER = com.itcast.zhlx;
				PRODUCT_NAME = "$(TARGET_NAME)";
			};
			name = Debug;
		};
		8E3CA59F1C784F6A00B5E45C /* Release */ = {
			isa = XCBuildConfiguration;
			baseConfigurationReference = 70CE773352BC0F86BCBEB65C /* Pods.release.xcconfig */;
			buildSettings = {
				ASSETCATALOG_COMPILER_APPICON_NAME = AppIcon;
				ASSETCATALOG_COMPILER_LAUNCHIMAGE_NAME = LaunchImage;
				GCC_PREFIX_HEADER = "百思不得姐/Classes/Other-其他/PrefixHeader.pch";
				INFOPLIST_FILE = "百思不得姐/Info.plist";
				IPHONEOS_DEPLOYMENT_TARGET = 9.3;
				LD_RUNPATH_SEARCH_PATHS = "$(inherited) @executable_path/Frameworks";
				PRODUCT_BUNDLE_IDENTIFIER = com.itcast.zhlx;
				PRODUCT_NAME = "$(TARGET_NAME)";
			};
			name = Release;
		};
/* End XCBuildConfiguration section */

/* Begin XCConfigurationList section */
		8E3CA5811C784F6900B5E45C /* Build configuration list for PBXProject "百思不得姐" */ = {
			isa = XCConfigurationList;
			buildConfigurations = (
				8E3CA59B1C784F6A00B5E45C /* Debug */,
				8E3CA59C1C784F6A00B5E45C /* Release */,
			);
			defaultConfigurationIsVisible = 0;
			defaultConfigurationName = Release;
		};
		8E3CA59D1C784F6A00B5E45C /* Build configuration list for PBXNativeTarget "百思不得姐" */ = {
			isa = XCConfigurationList;
			buildConfigurations = (
				8E3CA59E1C784F6A00B5E45C /* Debug */,
				8E3CA59F1C784F6A00B5E45C /* Release */,
			);
			defaultConfigurationIsVisible = 0;
			defaultConfigurationName = Release;
		};
/* End XCConfigurationList section */
	};
	rootObject = 8E3CA57E1C784F6900B5E45C /* Project object */;
}
